
Microsoft Visual Studio Solution File, Format Version 12.00
# Visual Studio Version 17
VisualStudioVersion = 17.9.34607.119
MinimumVisualStudioVersion = 10.0.40219.1
Project("{9A19103F-16F7-4668-BE54-9A1E7A4F7556}") = "MicroWinUI", "MicroWinUI.csproj", "{73DE5838-6AAA-4E00-AF58-663081407CAE}"
EndProject
Global
	GlobalSection(SolutionConfigurationPlatforms) = preSolution
		Debug|Any CPU = Debug|Any CPU
		Release|Any CPU = Release|Any CPU
	EndGlobalSection
	GlobalSection(ProjectConfigurationPlatforms) = postSolution
		{73DE5838-6AAA-4E00-AF58-663081407CAE}.Debug|Any CPU.ActiveCfg = Debug|Any CPU
		{73DE5838-6AAA-4E00-AF58-663081407CAE}.Debug|Any CPU.Build.0 = Debug|Any CPU
		{73DE5838-6AAA-4E00-AF58-663081407CAE}.Release|Any CPU.ActiveCfg = Release|Any CPU
		{73DE5838-6AAA-4E00-AF58-663081407CAE}.Release|Any CPU.Build.0 = Release|Any CPU
	EndGlobalSection
	GlobalSection(SolutionProperties) = preSolution
		HideSolutionNode = FALSE
	EndGlobalSection
	GlobalSection(ExtensibilityGlobals) = postSolution
		SolutionGuid = {8541F819-6E8A-4D38-9E66-F26449DDC311}
	EndGlobalSection
EndGlobal
